// !$*UTF8*$!
{
	archiveVersion = 1;
	classes = {
	};
	objectVersion = 56;
	objects = {

/* Begin PBXBuildFile section */
		C77EA22029222F4400111525 /* MakeableQuizv2App.swift in Sources */ = {isa = PBXBuildFile; fileRef = C77EA21F29222F4400111525 /* MakeableQuizv2App.swift */; };
		C77EA22229222F4400111525 /* ContentView.swift in Sources */ = {isa = PBXBuildFile; fileRef = C77EA22129222F4400111525 /* ContentView.swift */; };
		C77EA22429222F4500111525 /* Assets.xcassets in Resources */ = {isa = PBXBuildFile; fileRef = C77EA22329222F4500111525 /* Assets.xcassets */; };
		C77EA22729222F4500111525 /* Preview Assets.xcassets in Resources */ = {isa = PBXBuildFile; fileRef = C77EA22629222F4500111525 /* Preview Assets.xcassets */; };
		C77EA22E292230D600111525 /* Network.swift in Sources */ = {isa = PBXBuildFile; fileRef = C77EA22D292230D600111525 /* Network.swift */; };
		C77EA2302922313700111525 /* TriviaCategoryService.swift in Sources */ = {isa = PBXBuildFile; fileRef = C77EA22F2922313700111525 /* TriviaCategoryService.swift */; };
		C77EA232292231B900111525 /* TriviaQuestionService.swift in Sources */ = {isa = PBXBuildFile; fileRef = C77EA231292231B900111525 /* TriviaQuestionService.swift */; };
		C77EA23629223C3100111525 /* AnswerButtons.swift in Sources */ = {isa = PBXBuildFile; fileRef = C77EA23529223C3100111525 /* AnswerButtons.swift */; };
/* End PBXBuildFile section */

/* Begin PBXFileReference section */
		C77EA21C29222F4400111525 /* MakeableQuizv2.app */ = {isa = PBXFileReference; explicitFileType = wrapper.application; includeInIndex = 0; path = MakeableQuizv2.app; sourceTree = BUILT_PRODUCTS_DIR; };
		C77EA21F29222F4400111525 /* MakeableQuizv2App.swift */ = {isa = PBXFileReference; lastKnownFileType = sourcecode.swift; path = MakeableQuizv2App.swift; sourceTree = "<group>"; };
		C77EA22129222F4400111525 /* ContentView.swift */ = {isa = PBXFileReference; lastKnownFileType = sourcecode.swift; path = ContentView.swift; sourceTree = "<group>"; };
		C77EA22329222F4500111525 /* Assets.xcassets */ = {isa = PBXFileReference; lastKnownFileType = folder.assetcatalog; path = Assets.xcassets; sourceTree = "<group>"; };
		C77EA22629222F4500111525 /* Preview Assets.xcassets */ = {isa = PBXFileReference; lastKnownFileType = folder.assetcatalog; path = "Preview Assets.xcassets"; sourceTree = "<group>"; };
		C77EA22D292230D600111525 /* Network.swift */ = {isa = PBXFileReference; lastKnownFileType = sourcecode.swift; path = Network.swift; sourceTree = "<group>"; };
		C77EA22F2922313700111525 /* TriviaCategoryService.swift */ = {isa = PBXFileReference; lastKnownFileType = sourcecode.swift; path = TriviaCategoryService.swift; sourceTree = "<group>"; };
		C77EA231292231B900111525 /* TriviaQuestionService.swift */ = {isa = PBXFileReference; lastKnownFileType = sourcecode.swift; path = TriviaQuestionService.swift; sourceTree = "<group>"; };
		C77EA23529223C3100111525 /* AnswerButtons.swift */ = {isa = PBXFileReference; lastKnownFileType = sourcecode.swift; path = AnswerButtons.swift; sourceTree = "<group>"; };
/* End PBXFileReference section */

/* Begin PBXFrameworksBuildPhase section */
		C77EA21929222F4400111525 /* Frameworks */ = {
			isa = PBXFrameworksBuildPhase;
			buildActionMask = 2147483647;
			files = (
			);
			runOnlyForDeploymentPostprocessing = 0;
		};
/* End PBXFrameworksBuildPhase section */

/* Begin PBXGroup section */
		C77EA21329222F4300111525 = {
			isa = PBXGroup;
			children = (
				C77EA21E29222F4400111525 /* MakeableQuizv2 */,
				C77EA21D29222F4400111525 /* Products */,
			);
			sourceTree = "<group>";
		};
		C77EA21D29222F4400111525 /* Products */ = {
			isa = PBXGroup;
			children = (
				C77EA21C29222F4400111525 /* MakeableQuizv2.app */,
			);
			name = Products;
			sourceTree = "<group>";
		};
		C77EA21E29222F4400111525 /* MakeableQuizv2 */ = {
			isa = PBXGroup;
			children = (
				C77EA21F29222F4400111525 /* MakeableQuizv2App.swift */,
				C77EA22129222F4400111525 /* ContentView.swift */,
				C77EA22329222F4500111525 /* Assets.xcassets */,
				C77EA22529222F4500111525 /* Preview Content */,
				C77EA22D292230D600111525 /* Network.swift */,
				C77EA22F2922313700111525 /* TriviaCategoryService.swift */,
				C77EA231292231B900111525 /* TriviaQuestionService.swift */,
				C77EA23529223C3100111525 /* AnswerButtons.swift */,
			);
			path = MakeableQuizv2;
			sourceTree = "<group>";
		};
		C77EA22529222F4500111525 /* Preview Content */ = {
			isa = PBXGroup;
			children = (
				C77EA22629222F4500111525 /* Preview Assets.xcassets */,
			);
			path = "Preview Content";
			sourceTree = "<group>";
		};
/* End PBXGroup section */

/* Begin PBXNativeTarget section */
		C77EA21B29222F4400111525 /* MakeableQuizv2 */ = {
			isa = PBXNativeTarget;
			buildConfigurationList = C77EA22A29222F4500111525 /* Build configuration list for PBXNativeTarget "MakeableQuizv2" */;
			buildPhases = (
				C77EA21829222F4400111525 /* Sources */,
				C77EA21929222F4400111525 /* Frameworks */,
				C77EA21A29222F4400111525 /* Resources */,
			);
			buildRules = (
			);
			dependencies = (
			);
			name = MakeableQuizv2;
			productName = MakeableQuizv2;
			productReference = C77EA21C29222F4400111525 /* MakeableQuizv2.app */;
			productType = "com.apple.product-type.application";
		};
/* End PBXNativeTarget section */

/* Begin PBXProject section */
		C77EA21429222F4300111525 /* Project object */ = {
			isa = PBXProject;
			attributes = {
				BuildIndependentTargetsInParallel = 1;
				LastSwiftUpdateCheck = 1400;
				LastUpgradeCheck = 1400;
				TargetAttributes = {
					C77EA21B29222F4400111525 = {
						CreatedOnToolsVersion = 14.0.1;
					};
				};
			};
			buildConfigurationList = C77EA21729222F4300111525 /* Build configuration list for PBXProject "MakeableQuizv2" */;
			compatibilityVersion = "Xcode 14.0";
			developmentRegion = en;
			hasScannedForEncodings = 0;
			knownRegions = (
				en,
				Base,
			);
			mainGroup = C77EA21329222F4300111525;
			productRefGroup = C77EA21D29222F4400111525 /* Products */;
			projectDirPath = "";
			projectRoot = "";
			targets = (
				C77EA21B29222F4400111525 /* MakeableQuizv2 */,
			);
		};
/* End PBXProject section */

/* Begin PBXResourcesBuildPhase section */
		C77EA21A29222F4400111525 /* Resources */ = {
			isa = PBXResourcesBuildPhase;
			buildActionMask = 2147483647;
			files = (
				C77EA22729222F4500111525 /* Preview Assets.xcassets in Resources */,
				C77EA22429222F4500111525 /* Assets.xcassets in Resources */,
			);
			runOnlyForDeploymentPostprocessing = 0;
		};
/* End PBXResourcesBuildPhase section */

/* Begin PBXSourcesBuildPhase section */
		C77EA21829222F4400111525 /* Sources */ = {
			isa = PBXSourcesBuildPhase;
			buildActionMask = 2147483647;
			files = (
				C77EA232292231B900111525 /* TriviaQuestionService.swift in Sources */,
				C77EA23629223C3100111525 /* AnswerButtons.swift in Sources */,
				C77EA2302922313700111525 /* TriviaCategoryService.swift in Sources */,
				C77EA22229222F4400111525 /* ContentView.swift in Sources */,
				C77EA22029222F4400111525 /* MakeableQuizv2App.swift in Sources */,
				C77EA22E292230D600111525 /* Network.swift in Sources */,
			);
			runOnlyForDeploymentPostprocessing = 0;
		};
/* End PBXSourcesBuildPhase section */

/* Begin XCBuildConfiguration section */
		C77EA22829222F4500111525 /* Debug */ = {
			isa = XCBuildConfiguration;
			buildSettings = {
				ALWAYS_SEARCH_USER_PATHS = NO;
				CLANG_ANALYZER_NONNULL = YES;
				CLANG_ANALYZER_NUMBER_OBJECT_CONVERSION = YES_AGGRESSIVE;
				CLANG_CXX_LANGUAGE_STANDARD = "gnu++20";
				CLANG_ENABLE_MODULES = YES;
				CLANG_ENABLE_OBJC_ARC = YES;
				CLANG_ENABLE_OBJC_WEAK = YES;
				CLANG_WARN_BLOCK_CAPTURE_AUTORELEASING = YES;
				CLANG_WARN_BOOL_CONVERSION = YES;
				CLANG_WARN_COMMA = YES;
				CLANG_WARN_CONSTANT_CONVERSION = YES;
				CLANG_WARN_DEPRECATED_OBJC_IMPLEMENTATIONS = YES;
				CLANG_WARN_DIRECT_OBJC_ISA_USAGE = YES_ERROR;
				CLANG_WARN_DOCUMENTATION_COMMENTS = YES;
				CLANG_WARN_EMPTY_BODY = YES;
				CLANG_WARN_ENUM_CONVERSION = YES;
				CLANG_WARN_INFINITE_RECURSION = YES;
				CLANG_WARN_INT_CONVERSION = YES;
				CLANG_WARN_NON_LITERAL_NULL_CONVERSION = YES;
				CLANG_WARN_OBJC_IMPLICIT_RETAIN_SELF = YES;
				CLANG_WARN_OBJC_LITERAL_CONVERSION = YES;
				CLANG_WARN_OBJC_ROOT_CLASS = YES_ERROR;
				CLANG_WARN_QUOTED_INCLUDE_IN_FRAMEWORK_HEADER = YES;
				CLANG_WARN_RANGE_LOOP_ANALYSIS = YES;
				CLANG_WARN_STRICT_PROTOTYPES = YES;
				CLANG_WARN_SUSPICIOUS_MOVE = YES;
				CLANG_WARN_UNGUARDED_AVAILABILITY = YES_AGGRESSIVE;
				CLANG_WARN_UNREACHABLE_CODE = YES;
				CLANG_WARN__DUPLICATE_METHOD_MATCH = YES;
				COPY_PHASE_STRIP = NO;
				DEBUG_INFORMATION_FORMAT = dwarf;
				ENABLE_STRICT_OBJC_MSGSEND = YES;
				ENABLE_TESTABILITY = YES;
				GCC_C_LANGUAGE_STANDARD = gnu11;
				GCC_DYNAMIC_NO_PIC = NO;
				GCC_NO_COMMON_BLOCKS = YES;
				GCC_OPTIMIZATION_LEVEL = 0;
				GCC_PREPROCESSOR_DEFINITIONS = (
					"DEBUG=1",
					"$(inherited)",
				);
				GCC_WARN_64_TO_32_BIT_CONVERSION = YES;
				GCC_WARN_ABOUT_RETURN_TYPE = YES_ERROR;
				GCC_WARN_UNDECLARED_SELECTOR = YES;
				GCC_WARN_UNINITIALIZED_AUTOS = YES_AGGRESSIVE;
				GCC_WARN_UNUSED_FUNCTION = YES;
				GCC_WARN_UNUSED_VARIABLE = YES;
				IPHONEOS_DEPLOYMENT_TARGET = 16.0;
				MTL_ENABLE_DEBUG_INFO = INCLUDE_SOURCE;
				MTL_FAST_MATH = YES;
				ONLY_ACTIVE_ARCH = YES;
				SDKROOT = iphoneos;
				SWIFT_ACTIVE_COMPILATION_CONDITIONS = DEBUG;
				SWIFT_OPTIMIZATION_LEVEL = "-Onone";
			};
			name = Debug;
		};
		C77EA22929222F4500111525 /* Release */ = {
			isa = XCBuildConfiguration;
			buildSettings = {
				ALWAYS_SEARCH_USER_PATHS = NO;
				CLANG_ANALYZER_NONNULL = YES;
				CLANG_ANALYZER_NUMBER_OBJECT_CONVERSION = YES_AGGRESSIVE;
				CLANG_CXX_LANGUAGE_STANDARD = "gnu++20";
				CLANG_ENABLE_MODULES = YES;
				CLANG_ENABLE_OBJC_ARC = YES;
				CLANG_ENABLE_OBJC_WEAK = YES;
				CLANG_WARN_BLOCK_CAPTURE_AUTORELEASING = YES;
				CLANG_WARN_BOOL_CONVERSION = YES;
				CLANG_WARN_COMMA = YES;
				CLANG_WARN_CONSTANT_CONVERSION = YES;
				CLANG_WARN_DEPRECATED_OBJC_IMPLEMENTATIONS = YES;
				CLANG_WARN_DIRECT_OBJC_ISA_USAGE = YES_ERROR;
				CLANG_WARN_DOCUMENTATION_COMMENTS = YES;
				CLANG_WARN_EMPTY_BODY = YES;
				CLANG_WARN_ENUM_CONVERSION = YES;
				CLANG_WARN_INFINITE_RECURSION = YES;
				CLANG_WARN_INT_CONVERSION = YES;
				CLANG_WARN_NON_LITERAL_NULL_CONVERSION = YES;
				CLANG_WARN_OBJC_IMPLICIT_RETAIN_SELF = YES;
				CLANG_WARN_OBJC_LITERAL_CONVERSION = YES;
				CLANG_WARN_OBJC_ROOT_CLASS = YES_ERROR;
				CLANG_WARN_QUOTED_INCLUDE_IN_FRAMEWORK_HEADER = YES;
				CLANG_WARN_RANGE_LOOP_ANALYSIS = YES;
				CLANG_WARN_STRICT_PROTOTYPES = YES;
				CLANG_WARN_SUSPICIOUS_MOVE = YES;
				CLANG_WARN_UNGUARDED_AVAILABILITY = YES_AGGRESSIVE;
				CLANG_WARN_UNREACHABLE_CODE = YES;
				CLANG_WARN__DUPLICATE_METHOD_MATCH = YES;
				COPY_PHASE_STRIP = NO;
				DEBUG_INFORMATION_FORMAT = "dwarf-with-dsym";
				ENABLE_NS_ASSERTIONS = NO;
				ENABLE_STRICT_OBJC_MSGSEND = YES;
				GCC_C_LANGUAGE_STANDARD = gnu11;
				GCC_NO_COMMON_BLOCKS = YES;
				GCC_WARN_64_TO_32_BIT_CONVERSION = YES;
				GCC_WARN_ABOUT_RETURN_TYPE = YES_ERROR;
				GCC_WARN_UNDECLARED_SELECTOR = YES;
				GCC_WARN_UNINITIALIZED_AUTOS = YES_AGGRESSIVE;
				GCC_WARN_UNUSED_FUNCTION = YES;
				GCC_WARN_UNUSED_VARIABLE = YES;
				IPHONEOS_DEPLOYMENT_TARGET = 16.0;
				MTL_ENABLE_DEBUG_INFO = NO;
				MTL_FAST_MATH = YES;
				SDKROOT = iphoneos;
				SWIFT_COMPILATION_MODE = wholemodule;
				SWIFT_OPTIMIZATION_LEVEL = "-O";
				VALIDATE_PRODUCT = YES;
			};
			name = Release;
		};
		C77EA22B29222F4500111525 /* Debug */ = {
			isa = XCBuildConfiguration;
			buildSettings = {
				ASSETCATALOG_COMPILER_APPICON_NAME = AppIcon;
				ASSETCATALOG_COMPILER_GLOBAL_ACCENT_COLOR_NAME = AccentColor;
				CODE_SIGN_STYLE = Automatic;
				CURRENT_PROJECT_VERSION = 1;
				DEVELOPMENT_ASSET_PATHS = "\"MakeableQuizv2/Preview Content\"";
				DEVELOPMENT_TEAM = K6UNBFPCC6;
				ENABLE_PREVIEWS = YES;
				GENERATE_INFOPLIST_FILE = YES;
				INFOPLIST_KEY_UIApplicationSceneManifest_Generation = YES;
				INFOPLIST_KEY_UIApplicationSupportsIndirectInputEvents = YES;
				INFOPLIST_KEY_UILaunchScreen_Generation = YES;
				INFOPLIST_KEY_UISupportedInterfaceOrientations_iPad = "UIInterfaceOrientationPortrait UIInterfaceOrientationPortraitUpsideDown UIInterfaceOrientationLandscapeLeft UIInterfaceOrientationLandscapeRight";
				INFOPLIST_KEY_UISupportedInterfaceOrientations_iPhone = "UIInterfaceOrientationPortrait UIInterfaceOrientationLandscapeLeft UIInterfaceOrientationLandscapeRight";
				LD_RUNPATH_SEARCH_PATHS = (
					"$(inherited)",
					"@executable_path/Frameworks",
				);
				MARKETING_VERSION = 1.0;
				PRODUCT_BUNDLE_IDENTIFIER = com.MathiasVintherSoendergaard.MakeableQuizv2;
				PRODUCT_NAME = "$(TARGET_NAME)";
				SWIFT_EMIT_LOC_STRINGS = YES;
				SWIFT_VERSION = 5.0;
				TARGETED_DEVICE_FAMILY = "1,2";
			};
			name = Debug;
		};
		C77EA22C29222F4500111525 /* Release */ = {
			isa = XCBuildConfiguration;
			buildSettings = {
				ASSETCATALOG_COMPILER_APPICON_NAME = AppIcon;
				ASSETCATALOG_COMPILER_GLOBAL_ACCENT_COLOR_NAME = AccentColor;
				CODE_SIGN_STYLE = Automatic;
				CURRENT_PROJECT_VERSION = 1;
				DEVELOPMENT_ASSET_PATHS = "\"MakeableQuizv2/Preview Content\"";
				DEVELOPMENT_TEAM = K6UNBFPCC6;
				ENABLE_PREVIEWS = YES;
				GENERATE_INFOPLIST_FILE = YES;
				INFOPLIST_KEY_UIApplicationSceneManifest_Generation = YES;
				INFOPLIST_KEY_UIApplicationSupportsIndirectInputEvents = YES;
				INFOPLIST_KEY_UILaunchScreen_Generation = YES;
				INFOPLIST_KEY_UISupportedInterfaceOrientations_iPad = "UIInterfaceOrientationPortrait UIInterfaceOrientationPortraitUpsideDown UIInterfaceOrientationLandscapeLeft UIInterfaceOrientationLandscapeRight";
				INFOPLIST_KEY_UISupportedInterfaceOrientations_iPhone = "UIInterfaceOrientationPortrait UIInterfaceOrientationLandscapeLeft UIInterfaceOrientationLandscapeRight";
				LD_RUNPATH_SEARCH_PATHS = (
					"$(inherited)",
					"@executable_path/Frameworks",
				);
				MARKETING_VERSION = 1.0;
				PRODUCT_BUNDLE_IDENTIFIER = com.MathiasVintherSoendergaard.MakeableQuizv2;
				PRODUCT_NAME = "$(TARGET_NAME)";
				SWIFT_EMIT_LOC_STRINGS = YES;
				SWIFT_VERSION = 5.0;
				TARGETED_DEVICE_FAMILY = "1,2";
			};
			name = Release;
		};
/* End XCBuildConfiguration section */

/* Begin XCConfigurationList section */
		C77EA21729222F4300111525 /* Build configuration list for PBXProject "MakeableQuizv2" */ = {
			isa = XCConfigurationList;
			buildConfigurations = (
				C77EA22829222F4500111525 /* Debug */,
				C77EA22929222F4500111525 /* Release */,
			);
			defaultConfigurationIsVisible = 0;
			defaultConfigurationName = Release;
		};
		C77EA22A29222F4500111525 /* Build configuration list for PBXNativeTarget "MakeableQuizv2" */ = {
			isa = XCConfigurationList;
			buildConfigurations = (
				C77EA22B29222F4500111525 /* Debug */,
				C77EA22C29222F4500111525 /* Release */,
			);
			defaultConfigurationIsVisible = 0;
			defaultConfigurationName = Release;
		};
/* End XCConfigurationList section */
	};
	rootObject = C77EA21429222F4300111525 /* Project object */;
}
